{
  "name": "zenika-alpinechrome-withplaywright",
  "version": "1.0.0",
  "lockfileVersion": 2,
  "requires": true,
  "packages": {
    "": {
      "name": "zenika-alpinechrome-withplaywright",
      "version": "1.0.0",
      "license": "MIT",
      "dependencies": {
        "playwright-chromium": "~1.28.1"
      }
    },
    "node_modules/playwright-chromium": {
      "version": "1.28.1",
      "resolved": "https://registry.npmjs.org/playwright-chromium/-/playwright-chromium-1.28.1.tgz",
      "integrity": "sha512-+JVgyAOaLUVN8ppAATtURmb5hEl6kaJjK5j3qh05viZvgJi9QoWkb5K02iBy99ww3q86vSnPoMmtKa1Bv+P7LQ==",
      "hasInstallScript": true,
      "dependencies": {
        "playwright-core": "1.28.1"
      },
      "bin": {
        "playwright": "cli.js"
      },
      "engines": {
        "node": ">=14"
      }
    },
    "node_modules/playwright-core": {
      "version": "1.28.1",
      "resolved": "https://registry.npmjs.org/playwright-core/-/playwright-core-1.28.1.tgz",
      "integrity": "sha512-3PixLnGPno0E8rSBJjtwqTwJe3Yw72QwBBBxNoukIj3lEeBNXwbNiKrNuB1oyQgTBw5QHUhNO3SteEtHaMK6ag==",
      "bin": {
        "playwright": "cli.js"
      },
      "engines": {
        "node": ">=14"
      }
    }
  },
  "dependencies": {
    "playwright-chromium": {
      "version": "1.28.1",
      "resolved": "https://registry.npmjs.org/playwright-chromium/-/playwright-chromium-1.28.1.tgz",
      "integrity": "sha512-+JVgyAOaLUVN8ppAATtURmb5hEl6kaJjK5j3qh05viZvgJi9QoWkb5K02iBy99ww3q86vSnPoMmtKa1Bv+P7LQ==",
      "requires": {
        "playwright-core": "1.28.1"
      }
    },
    "playwright-core": {
      "version": "1.28.1",
      "resolved": "https://registry.npmjs.org/playwright-core/-/playwright-core-1.28.1.tgz",
      "integrity": "sha512-3PixLnGPno0E8rSBJjtwqTwJe3Yw72QwBBBxNoukIj3lEeBNXwbNiKrNuB1oyQgTBw5QHUhNO3SteEtHaMK6ag=="
    }
  }
}
